{
  "name": "projectsv2",
  "version": "1.0.0",
  "lockfileVersion": 1,
  "requires": true,
  "dependencies": {
    "create-next-app": {
      "version": "11.0.1",
      "resolved": "https://registry.npmjs.org/create-next-app/-/create-next-app-11.0.1.tgz",
      "integrity": "sha512-ogUQXVz7YRvfXA0QEXpjlhBe9CJoSLtuGiV7Cxkz+UbcZhPMYiIje/taW4N4kyXMwJzOznRYn62Ue/Y8ECEjsg=="
    }
  }
}
